
Microsoft Visual Studio Solution File, Format Version 12.00
# Visual Studio Version 16
VisualStudioVersion = 16.0.31112.23
MinimumVisualStudioVersion = 10.0.40219.1
Project("{9A19103F-16F7-4668-BE54-9A1E7A4F7556}") = "Sweepstakes.Web", "Sweepstakes.Web\Sweepstakes.Web.csproj", "{93B1E97D-C3AA-404A-8B22-A5788B8F5A50}"
EndProject
Project("{2150E333-8FDC-42A3-9474-1A3956D46DE8}") = "Solution Items", "Solution Items", "{EE7550F8-6CA0-4125-89F9-E94A64D1BAE8}"
	ProjectSection(SolutionItems) = preProject
		.gitignore = .gitignore
		LICENSE = LICENSE
		README.md = README.md
	EndProjectSection
EndProject
Project("{9A19103F-16F7-4668-BE54-9A1E7A4F7556}") = "Sweepstakes", "Sweepstakes\Sweepstakes.csproj", "{1A17C8D5-4E39-4A8F-97C2-5673F97420E3}"
EndProject
Project("{9A19103F-16F7-4668-BE54-9A1E7A4F7556}") = "Sweepstakes.Mocks", "Sweepstakes.Mocks\Sweepstakes.Mocks.csproj", "{9D6E9AD5-99B8-4893-8F6A-6323A0375977}"
EndProject
Project("{9A19103F-16F7-4668-BE54-9A1E7A4F7556}") = "Sweepstakes.Tests", "Sweepstakes.Tests\Sweepstakes.Tests.csproj", "{CC0DE008-747C-41F0-A4CF-B734F34F107D}"
EndProject
Project("{9A19103F-16F7-4668-BE54-9A1E7A4F7556}") = "Sweepstakes.Controllers.Notifications", "Sweepstakes.Controllers.Notifications\Sweepstakes.Controllers.Notifications.csproj", "{2938BBE5-B0D5-4331-A5F1-7B69646FD46C}"
EndProject
Project("{9A19103F-16F7-4668-BE54-9A1E7A4F7556}") = "Sweepstakes.Controllers", "Sweepstakes.Controllers\Sweepstakes.Controllers.csproj", "{8BA69278-C359-4B7E-B650-96958BCDA246}"
EndProject
Project("{9A19103F-16F7-4668-BE54-9A1E7A4F7556}") = "Sweepstakes.Controllers.Draws", "Sweepstakes.Controllers.Draws\Sweepstakes.Controllers.Draws.csproj", "{0417D745-1F86-4EC1-9BD5-9D0661564FEB}"
EndProject
Project("{9A19103F-16F7-4668-BE54-9A1E7A4F7556}") = "Sweepstakes.Repositories", "Sweepstakes.Repositories\Sweepstakes.Repositories.csproj", "{C8DC88E4-334F-4108-BEC9-214E895677F8}"
EndProject
Project("{9A19103F-16F7-4668-BE54-9A1E7A4F7556}") = "Sweepstakes.Repositories.MongoDB", "Sweepstakes.Repositories.MongoDB\Sweepstakes.Repositories.MongoDB.csproj", "{F31AF0D8-2C6D-424C-B9C6-2B3B517D4775}"
EndProject
Global
	GlobalSection(SolutionConfigurationPlatforms) = preSolution
		Debug|Any CPU = Debug|Any CPU
		Release|Any CPU = Release|Any CPU
	EndGlobalSection
	GlobalSection(ProjectConfigurationPlatforms) = postSolution
		{93B1E97D-C3AA-404A-8B22-A5788B8F5A50}.Debug|Any CPU.ActiveCfg = Debug|Any CPU
		{93B1E97D-C3AA-404A-8B22-A5788B8F5A50}.Debug|Any CPU.Build.0 = Debug|Any CPU
		{93B1E97D-C3AA-404A-8B22-A5788B8F5A50}.Release|Any CPU.ActiveCfg = Release|Any CPU
		{93B1E97D-C3AA-404A-8B22-A5788B8F5A50}.Release|Any CPU.Build.0 = Release|Any CPU
		{1A17C8D5-4E39-4A8F-97C2-5673F97420E3}.Debug|Any CPU.ActiveCfg = Debug|Any CPU
		{1A17C8D5-4E39-4A8F-97C2-5673F97420E3}.Debug|Any CPU.Build.0 = Debug|Any CPU
		{1A17C8D5-4E39-4A8F-97C2-5673F97420E3}.Release|Any CPU.ActiveCfg = Release|Any CPU
		{1A17C8D5-4E39-4A8F-97C2-5673F97420E3}.Release|Any CPU.Build.0 = Release|Any CPU
		{9D6E9AD5-99B8-4893-8F6A-6323A0375977}.Debug|Any CPU.ActiveCfg = Debug|Any CPU
		{9D6E9AD5-99B8-4893-8F6A-6323A0375977}.Debug|Any CPU.Build.0 = Debug|Any CPU
		{9D6E9AD5-99B8-4893-8F6A-6323A0375977}.Release|Any CPU.ActiveCfg = Release|Any CPU
		{9D6E9AD5-99B8-4893-8F6A-6323A0375977}.Release|Any CPU.Build.0 = Release|Any CPU
		{CC0DE008-747C-41F0-A4CF-B734F34F107D}.Debug|Any CPU.ActiveCfg = Debug|Any CPU
		{CC0DE008-747C-41F0-A4CF-B734F34F107D}.Debug|Any CPU.Build.0 = Debug|Any CPU
		{CC0DE008-747C-41F0-A4CF-B734F34F107D}.Release|Any CPU.ActiveCfg = Release|Any CPU
		{CC0DE008-747C-41F0-A4CF-B734F34F107D}.Release|Any CPU.Build.0 = Release|Any CPU
		{2938BBE5-B0D5-4331-A5F1-7B69646FD46C}.Debug|Any CPU.ActiveCfg = Debug|Any CPU
		{2938BBE5-B0D5-4331-A5F1-7B69646FD46C}.Debug|Any CPU.Build.0 = Debug|Any CPU
		{2938BBE5-B0D5-4331-A5F1-7B69646FD46C}.Release|Any CPU.ActiveCfg = Release|Any CPU
		{2938BBE5-B0D5-4331-A5F1-7B69646FD46C}.Release|Any CPU.Build.0 = Release|Any CPU
		{8BA69278-C359-4B7E-B650-96958BCDA246}.Debug|Any CPU.ActiveCfg = Debug|Any CPU
		{8BA69278-C359-4B7E-B650-96958BCDA246}.Debug|Any CPU.Build.0 = Debug|Any CPU
		{8BA69278-C359-4B7E-B650-96958BCDA246}.Release|Any CPU.ActiveCfg = Release|Any CPU
		{8BA69278-C359-4B7E-B650-96958BCDA246}.Release|Any CPU.Build.0 = Release|Any CPU
		{0417D745-1F86-4EC1-9BD5-9D0661564FEB}.Debug|Any CPU.ActiveCfg = Debug|Any CPU
		{0417D745-1F86-4EC1-9BD5-9D0661564FEB}.Debug|Any CPU.Build.0 = Debug|Any CPU
		{0417D745-1F86-4EC1-9BD5-9D0661564FEB}.Release|Any CPU.ActiveCfg = Release|Any CPU
		{0417D745-1F86-4EC1-9BD5-9D0661564FEB}.Release|Any CPU.Build.0 = Release|Any CPU
		{C8DC88E4-334F-4108-BEC9-214E895677F8}.Debug|Any CPU.ActiveCfg = Debug|Any CPU
		{C8DC88E4-334F-4108-BEC9-214E895677F8}.Debug|Any CPU.Build.0 = Debug|Any CPU
		{C8DC88E4-334F-4108-BEC9-214E895677F8}.Release|Any CPU.ActiveCfg = Release|Any CPU
		{C8DC88E4-334F-4108-BEC9-214E895677F8}.Release|Any CPU.Build.0 = Release|Any CPU
		{F31AF0D8-2C6D-424C-B9C6-2B3B517D4775}.Debug|Any CPU.ActiveCfg = Debug|Any CPU
		{F31AF0D8-2C6D-424C-B9C6-2B3B517D4775}.Debug|Any CPU.Build.0 = Debug|Any CPU
		{F31AF0D8-2C6D-424C-B9C6-2B3B517D4775}.Release|Any CPU.ActiveCfg = Release|Any CPU
		{F31AF0D8-2C6D-424C-B9C6-2B3B517D4775}.Release|Any CPU.Build.0 = Release|Any CPU
	EndGlobalSection
	GlobalSection(SolutionProperties) = preSolution
		HideSolutionNode = FALSE
	EndGlobalSection
	GlobalSection(ExtensibilityGlobals) = postSolution
		SolutionGuid = {785265A9-0CFA-40F6-9F2D-41599058928E}
	EndGlobalSection
EndGlobal
